
Microsoft Visual Studio Solution File, Format Version 12.00
# Visual Studio Version 17
VisualStudioVersion = 17.8.34322.80
MinimumVisualStudioVersion = 10.0.40219.1
Project("{FAE04EC0-301F-11D3-BF4B-00C04F79EFBC}") = "BusinessLayer", "BusinessLayer\BusinessLayer.csproj", "{E1D4B83C-5889-42C9-8CD4-D53AA619A629}"
EndProject
Project("{FAE04EC0-301F-11D3-BF4B-00C04F79EFBC}") = "EntityLayer", "EntityLayer\EntityLayer.csproj", "{D603E822-5E96-4094-9FFC-DA312DE9ECCC}"
EndProject
Project("{FAE04EC0-301F-11D3-BF4B-00C04F79EFBC}") = "DataAccessLayer", "DataAccessLayer\DataAccessLayer.csproj", "{00F6623D-D82A-4F47-8705-9386E07DB1C3}"
EndProject
Project("{FAE04EC0-301F-11D3-BF4B-00C04F79EFBC}") = "PresentationLayer", "PresentationLayer\PresentationLayer.csproj", "{4F9BF784-25A2-421F-B3C5-343699943898}"
EndProject
Project("{FAE04EC0-301F-11D3-BF4B-00C04F79EFBC}") = "EFProject", "EFProject\EFProject.csproj", "{BA71EC44-E82D-4398-ABF1-1A1753AC0875}"
EndProject
Global
	GlobalSection(SolutionConfigurationPlatforms) = preSolution
		Debug|Any CPU = Debug|Any CPU
		Release|Any CPU = Release|Any CPU
	EndGlobalSection
	GlobalSection(ProjectConfigurationPlatforms) = postSolution
		{E1D4B83C-5889-42C9-8CD4-D53AA619A629}.Debug|Any CPU.ActiveCfg = Debug|Any CPU
		{E1D4B83C-5889-42C9-8CD4-D53AA619A629}.Debug|Any CPU.Build.0 = Debug|Any CPU
		{E1D4B83C-5889-42C9-8CD4-D53AA619A629}.Release|Any CPU.ActiveCfg = Release|Any CPU
		{E1D4B83C-5889-42C9-8CD4-D53AA619A629}.Release|Any CPU.Build.0 = Release|Any CPU
		{D603E822-5E96-4094-9FFC-DA312DE9ECCC}.Debug|Any CPU.ActiveCfg = Debug|Any CPU
		{D603E822-5E96-4094-9FFC-DA312DE9ECCC}.Debug|Any CPU.Build.0 = Debug|Any CPU
		{D603E822-5E96-4094-9FFC-DA312DE9ECCC}.Release|Any CPU.ActiveCfg = Release|Any CPU
		{D603E822-5E96-4094-9FFC-DA312DE9ECCC}.Release|Any CPU.Build.0 = Release|Any CPU
		{00F6623D-D82A-4F47-8705-9386E07DB1C3}.Debug|Any CPU.ActiveCfg = Debug|Any CPU
		{00F6623D-D82A-4F47-8705-9386E07DB1C3}.Debug|Any CPU.Build.0 = Debug|Any CPU
		{00F6623D-D82A-4F47-8705-9386E07DB1C3}.Release|Any CPU.ActiveCfg = Release|Any CPU
		{00F6623D-D82A-4F47-8705-9386E07DB1C3}.Release|Any CPU.Build.0 = Release|Any CPU
		{4F9BF784-25A2-421F-B3C5-343699943898}.Debug|Any CPU.ActiveCfg = Debug|Any CPU
		{4F9BF784-25A2-421F-B3C5-343699943898}.Debug|Any CPU.Build.0 = Debug|Any CPU
		{4F9BF784-25A2-421F-B3C5-343699943898}.Release|Any CPU.ActiveCfg = Release|Any CPU
		{4F9BF784-25A2-421F-B3C5-343699943898}.Release|Any CPU.Build.0 = Release|Any CPU
		{BA71EC44-E82D-4398-ABF1-1A1753AC0875}.Debug|Any CPU.ActiveCfg = Debug|Any CPU
		{BA71EC44-E82D-4398-ABF1-1A1753AC0875}.Debug|Any CPU.Build.0 = Debug|Any CPU
		{BA71EC44-E82D-4398-ABF1-1A1753AC0875}.Release|Any CPU.ActiveCfg = Release|Any CPU
		{BA71EC44-E82D-4398-ABF1-1A1753AC0875}.Release|Any CPU.Build.0 = Release|Any CPU
	EndGlobalSection
	GlobalSection(SolutionProperties) = preSolution
		HideSolutionNode = FALSE
	EndGlobalSection
	GlobalSection(ExtensibilityGlobals) = postSolution
		SolutionGuid = {DF3C657D-C34B-4C82-924A-37739FE964B1}
	EndGlobalSection
EndGlobal
